// !$*UTF8*$!
{
	archiveVersion = 1;
	classes = {
	};
	objectVersion = 46;
	objects = {

/* Begin PBXBuildFile section */
		79CA848C3A8F08BA7893DBF0 /* Pods.framework in Frameworks */ = {isa = PBXBuildFile; fileRef = 4DB6865ED78B107467111D07 /* Pods.framework */; settings = {ATTRIBUTES = (Weak, ); }; };
		84245B921AA64CB6004E37EB /* OverlappinpCircularLayout.swift in Sources */ = {isa = PBXBuildFile; fileRef = 84245B911AA64CB6004E37EB /* OverlappinpCircularLayout.swift */; };
		84245B951AAA26C9004E37EB /* AlamoFireManager.swift in Sources */ = {isa = PBXBuildFile; fileRef = 84245B941AAA26C9004E37EB /* AlamoFireManager.swift */; };
		84245BB81AAE236A004E37EB /* SleepingOverviewController.swift in Sources */ = {isa = PBXBuildFile; fileRef = 84245BB71AAE236A004E37EB /* SleepingOverviewController.swift */; };
		84245BBA1AAE4743004E37EB /* SleepOverviewCell.swift in Sources */ = {isa = PBXBuildFile; fileRef = 84245BB91AAE4743004E37EB /* SleepOverviewCell.swift */; };
		8449ADCA1AA634F900976C25 /* ChildViewCollectionViewCell.swift in Sources */ = {isa = PBXBuildFile; fileRef = 8449ADC91AA634F900976C25 /* ChildViewCollectionViewCell.swift */; };
		845249141AA1357300D000AE /* AppDelegate.swift in Sources */ = {isa = PBXBuildFile; fileRef = 845249131AA1357300D000AE /* AppDelegate.swift */; };
		845249171AA1357300D000AE /* HonestBaby.xcdatamodeld in Sources */ = {isa = PBXBuildFile; fileRef = 845249151AA1357300D000AE /* HonestBaby.xcdatamodeld */; };
		845249191AA1357300D000AE /* ViewController.swift in Sources */ = {isa = PBXBuildFile; fileRef = 845249181AA1357300D000AE /* ViewController.swift */; };
		8452491C1AA1357300D000AE /* Main.storyboard in Resources */ = {isa = PBXBuildFile; fileRef = 8452491A1AA1357300D000AE /* Main.storyboard */; };
		8452491E1AA1357300D000AE /* Images.xcassets in Resources */ = {isa = PBXBuildFile; fileRef = 8452491D1AA1357300D000AE /* Images.xcassets */; };
		845249211AA1357300D000AE /* LaunchScreen.xib in Resources */ = {isa = PBXBuildFile; fileRef = 8452491F1AA1357300D000AE /* LaunchScreen.xib */; };
		8452492D1AA1357300D000AE /* HonestBabyTests.swift in Sources */ = {isa = PBXBuildFile; fileRef = 8452492C1AA1357300D000AE /* HonestBabyTests.swift */; };
		845249381AA13C6E00D000AE /* UIColorExtensions.swift in Sources */ = {isa = PBXBuildFile; fileRef = 845249371AA13C6E00D000AE /* UIColorExtensions.swift */; };
		8452493D1AA13E4E00D000AE /* AppearanceManager.swift in Sources */ = {isa = PBXBuildFile; fileRef = 8452493C1AA13E4E00D000AE /* AppearanceManager.swift */; };
		8477DCB81AA51149006B59EB /* TrackingTableViewController.swift in Sources */ = {isa = PBXBuildFile; fileRef = 8477DCB71AA51149006B59EB /* TrackingTableViewController.swift */; };
		8477DCBA1AA511A0006B59EB /* ChildViewCell.swift in Sources */ = {isa = PBXBuildFile; fileRef = 8477DCB91AA511A0006B59EB /* ChildViewCell.swift */; };
		8477DCBC1AA511CA006B59EB /* TrackingOverviewCell.swift in Sources */ = {isa = PBXBuildFile; fileRef = 8477DCBB1AA511CA006B59EB /* TrackingOverviewCell.swift */; };
		8477DCBE1AA511FB006B59EB /* TrackingOptionsCell.swift in Sources */ = {isa = PBXBuildFile; fileRef = 8477DCBD1AA511FB006B59EB /* TrackingOptionsCell.swift */; };
		84DCDA571AAE4D8900326F4A /* ActivityDetailOverviewHeaderCell.swift in Sources */ = {isa = PBXBuildFile; fileRef = 84DCDA561AAE4D8900326F4A /* ActivityDetailOverviewHeaderCell.swift */; };
		84DCDA591AAE525900326F4A /* ActivityDetailOverviewHeaderCell.xib in Resources */ = {isa = PBXBuildFile; fileRef = 84DCDA581AAE525900326F4A /* ActivityDetailOverviewHeaderCell.xib */; };
		84DCDA5C1AAE63D600326F4A /* UIViewExtensions.swift in Sources */ = {isa = PBXBuildFile; fileRef = 84DCDA5B1AAE63D600326F4A /* UIViewExtensions.swift */; };
/* End PBXBuildFile section */

/* Begin PBXContainerItemProxy section */
		845249271AA1357300D000AE /* PBXContainerItemProxy */ = {
			isa = PBXContainerItemProxy;
			containerPortal = 845249061AA1357300D000AE /* Project object */;
			proxyType = 1;
			remoteGlobalIDString = 8452490D1AA1357300D000AE;
			remoteInfo = HonestBaby;
		};
/* End PBXContainerItemProxy section */

/* Begin PBXCopyFilesBuildPhase section */
		84245BAC1AAA2AE9004E37EB /* Copy Frameworks */ = {
			isa = PBXCopyFilesBuildPhase;
			buildActionMask = 12;
			dstPath = "";
			dstSubfolderSpec = 10;
			files = (
			);
			name = "Copy Frameworks";
			runOnlyForDeploymentPostprocessing = 0;
		};
/* End PBXCopyFilesBuildPhase section */

/* Begin PBXFileReference section */
		4DB6865ED78B107467111D07 /* Pods.framework */ = {isa = PBXFileReference; explicitFileType = wrapper.framework; includeInIndex = 0; path = Pods.framework; sourceTree = BUILT_PRODUCTS_DIR; };
		59EC6C9ED08E7D4CD6662405 /* Pods.release.xcconfig */ = {isa = PBXFileReference; includeInIndex = 1; lastKnownFileType = text.xcconfig; name = Pods.release.xcconfig; path = "Pods/Target Support Files/Pods/Pods.release.xcconfig"; sourceTree = "<group>"; };
		5A35FA5179F8DADE712BAB5E /* Pods.debug.xcconfig */ = {isa = PBXFileReference; includeInIndex = 1; lastKnownFileType = text.xcconfig; name = Pods.debug.xcconfig; path = "Pods/Target Support Files/Pods/Pods.debug.xcconfig"; sourceTree = "<group>"; };
		84245B911AA64CB6004E37EB /* OverlappinpCircularLayout.swift */ = {isa = PBXFileReference; fileEncoding = 4; lastKnownFileType = sourcecode.swift; name = OverlappinpCircularLayout.swift; path = "View Controllers/OverlappinpCircularLayout.swift"; sourceTree = "<group>"; };
		84245B941AAA26C9004E37EB /* AlamoFireManager.swift */ = {isa = PBXFileReference; fileEncoding = 4; lastKnownFileType = sourcecode.swift; name = AlamoFireManager.swift; path = Networking/AlamoFireManager.swift; sourceTree = "<group>"; };
		84245BB71AAE236A004E37EB /* SleepingOverviewController.swift */ = {isa = PBXFileReference; fileEncoding = 4; lastKnownFileType = sourcecode.swift; name = SleepingOverviewController.swift; path = "View Controllers/SleepingOverviewController.swift"; sourceTree = "<group>"; };
		84245BB91AAE4743004E37EB /* SleepOverviewCell.swift */ = {isa = PBXFileReference; fileEncoding = 4; lastKnownFileType = sourcecode.swift; path = SleepOverviewCell.swift; sourceTree = "<group>"; };
		8449ADC91AA634F900976C25 /* ChildViewCollectionViewCell.swift */ = {isa = PBXFileReference; fileEncoding = 4; lastKnownFileType = sourcecode.swift; name = ChildViewCollectionViewCell.swift; path = "View Controllers/ChildViewCollectionViewCell.swift"; sourceTree = "<group>"; };
		8452490E1AA1357300D000AE /* HonestBaby.app */ = {isa = PBXFileReference; explicitFileType = wrapper.application; includeInIndex = 0; path = HonestBaby.app; sourceTree = BUILT_PRODUCTS_DIR; };
		845249121AA1357300D000AE /* Info.plist */ = {isa = PBXFileReference; lastKnownFileType = text.plist.xml; path = Info.plist; sourceTree = "<group>"; };
		845249131AA1357300D000AE /* AppDelegate.swift */ = {isa = PBXFileReference; lastKnownFileType = sourcecode.swift; path = AppDelegate.swift; sourceTree = "<group>"; };
		845249161AA1357300D000AE /* HonestBaby.xcdatamodel */ = {isa = PBXFileReference; lastKnownFileType = wrapper.xcdatamodel; path = HonestBaby.xcdatamodel; sourceTree = "<group>"; };
		845249181AA1357300D000AE /* ViewController.swift */ = {isa = PBXFileReference; lastKnownFileType = sourcecode.swift; path = ViewController.swift; sourceTree = "<group>"; };
		8452491B1AA1357300D000AE /* Base */ = {isa = PBXFileReference; lastKnownFileType = file.storyboard; name = Base; path = Base.lproj/Main.storyboard; sourceTree = "<group>"; };
		8452491D1AA1357300D000AE /* Images.xcassets */ = {isa = PBXFileReference; lastKnownFileType = folder.assetcatalog; path = Images.xcassets; sourceTree = "<group>"; };
		845249201AA1357300D000AE /* Base */ = {isa = PBXFileReference; lastKnownFileType = file.xib; name = Base; path = Base.lproj/LaunchScreen.xib; sourceTree = "<group>"; };
		845249261AA1357300D000AE /* HonestBabyTests.xctest */ = {isa = PBXFileReference; explicitFileType = wrapper.cfbundle; includeInIndex = 0; path = HonestBabyTests.xctest; sourceTree = BUILT_PRODUCTS_DIR; };
		8452492B1AA1357300D000AE /* Info.plist */ = {isa = PBXFileReference; lastKnownFileType = text.plist.xml; path = Info.plist; sourceTree = "<group>"; };
		8452492C1AA1357300D000AE /* HonestBabyTests.swift */ = {isa = PBXFileReference; lastKnownFileType = sourcecode.swift; path = HonestBabyTests.swift; sourceTree = "<group>"; };
		845249371AA13C6E00D000AE /* UIColorExtensions.swift */ = {isa = PBXFileReference; fileEncoding = 4; lastKnownFileType = sourcecode.swift; name = UIColorExtensions.swift; path = Extensions/UIColorExtensions.swift; sourceTree = "<group>"; };
		8452493C1AA13E4E00D000AE /* AppearanceManager.swift */ = {isa = PBXFileReference; fileEncoding = 4; lastKnownFileType = sourcecode.swift; name = AppearanceManager.swift; path = Manager/AppearanceManager.swift; sourceTree = "<group>"; };
		8477DCB71AA51149006B59EB /* TrackingTableViewController.swift */ = {isa = PBXFileReference; fileEncoding = 4; lastKnownFileType = sourcecode.swift; name = TrackingTableViewController.swift; path = "View Controllers/TrackingTableViewController.swift"; sourceTree = "<group>"; };
		8477DCB91AA511A0006B59EB /* ChildViewCell.swift */ = {isa = PBXFileReference; fileEncoding = 4; lastKnownFileType = sourcecode.swift; name = ChildViewCell.swift; path = "View Controllers/ChildViewCell.swift"; sourceTree = "<group>"; };
		8477DCBB1AA511CA006B59EB /* TrackingOverviewCell.swift */ = {isa = PBXFileReference; fileEncoding = 4; lastKnownFileType = sourcecode.swift; name = TrackingOverviewCell.swift; path = "View Controllers/TrackingOverviewCell.swift"; sourceTree = "<group>"; };
		8477DCBD1AA511FB006B59EB /* TrackingOptionsCell.swift */ = {isa = PBXFileReference; fileEncoding = 4; lastKnownFileType = sourcecode.swift; name = TrackingOptionsCell.swift; path = "View Controllers/TrackingOptionsCell.swift"; sourceTree = "<group>"; };
		84DCDA561AAE4D8900326F4A /* ActivityDetailOverviewHeaderCell.swift */ = {isa = PBXFileReference; fileEncoding = 4; lastKnownFileType = sourcecode.swift; name = ActivityDetailOverviewHeaderCell.swift; path = "View Controllers/ActivityDetailOverviewHeaderCell.swift"; sourceTree = "<group>"; };
		84DCDA581AAE525900326F4A /* ActivityDetailOverviewHeaderCell.xib */ = {isa = PBXFileReference; fileEncoding = 4; lastKnownFileType = file.xib; name = ActivityDetailOverviewHeaderCell.xib; path = "Custom VIews/ActivityDetailOverviewHeaderCell.xib"; sourceTree = "<group>"; };
		84DCDA5B1AAE63D600326F4A /* UIViewExtensions.swift */ = {isa = PBXFileReference; fileEncoding = 4; lastKnownFileType = sourcecode.swift; name = UIViewExtensions.swift; path = Extensions/UIViewExtensions.swift; sourceTree = "<group>"; };
/* End PBXFileReference section */

/* Begin PBXFrameworksBuildPhase section */
		8452490B1AA1357300D000AE /* Frameworks */ = {
			isa = PBXFrameworksBuildPhase;
			buildActionMask = 2147483647;
			files = (
				79CA848C3A8F08BA7893DBF0 /* Pods.framework in Frameworks */,
			);
			runOnlyForDeploymentPostprocessing = 0;
		};
		845249231AA1357300D000AE /* Frameworks */ = {
			isa = PBXFrameworksBuildPhase;
			buildActionMask = 2147483647;
			files = (
			);
			runOnlyForDeploymentPostprocessing = 0;
		};
/* End PBXFrameworksBuildPhase section */

/* Begin PBXGroup section */
		6AB4B4296FD6901748D722FB /* Pods */ = {
			isa = PBXGroup;
			children = (
				5A35FA5179F8DADE712BAB5E /* Pods.debug.xcconfig */,
				59EC6C9ED08E7D4CD6662405 /* Pods.release.xcconfig */,
			);
			name = Pods;
			sourceTree = "<group>";
		};
		75628FD9C00FD670B39F0E21 /* Frameworks */ = {
			isa = PBXGroup;
			children = (
				4DB6865ED78B107467111D07 /* Pods.framework */,
			);
			name = Frameworks;
			sourceTree = "<group>";
		};
		84245B931AAA1BE4004E37EB /* Networking */ = {
			isa = PBXGroup;
			children = (
				84245B941AAA26C9004E37EB /* AlamoFireManager.swift */,
			);
			name = Networking;
			sourceTree = "<group>";
		};
		845249051AA1357300D000AE = {
			isa = PBXGroup;
			children = (
				845249101AA1357300D000AE /* HonestBaby */,
				845249291AA1357300D000AE /* HonestBabyTests */,
				8452490F1AA1357300D000AE /* Products */,
				6AB4B4296FD6901748D722FB /* Pods */,
				75628FD9C00FD670B39F0E21 /* Frameworks */,
			);
			sourceTree = "<group>";
		};
		8452490F1AA1357300D000AE /* Products */ = {
			isa = PBXGroup;
			children = (
				8452490E1AA1357300D000AE /* HonestBaby.app */,
				845249261AA1357300D000AE /* HonestBabyTests.xctest */,
			);
			name = Products;
			sourceTree = "<group>";
		};
		845249101AA1357300D000AE /* HonestBaby */ = {
			isa = PBXGroup;
			children = (
				8452493E1AA1426B00D000AE /* ViewControllers */,
				845249391AA13E0C00D000AE /* Manager */,
				845249361AA13B1100D000AE /* Extensions */,
				845249131AA1357300D000AE /* AppDelegate.swift */,
				845249181AA1357300D000AE /* ViewController.swift */,
				8452491A1AA1357300D000AE /* Main.storyboard */,
				8452491D1AA1357300D000AE /* Images.xcassets */,
				8452491F1AA1357300D000AE /* LaunchScreen.xib */,
				845249151AA1357300D000AE /* HonestBaby.xcdatamodeld */,
				845249111AA1357300D000AE /* Supporting Files */,
			);
			path = HonestBaby;
			sourceTree = "<group>";
		};
		845249111AA1357300D000AE /* Supporting Files */ = {
			isa = PBXGroup;
			children = (
				845249121AA1357300D000AE /* Info.plist */,
			);
			name = "Supporting Files";
			sourceTree = "<group>";
		};
		845249291AA1357300D000AE /* HonestBabyTests */ = {
			isa = PBXGroup;
			children = (
				8452492C1AA1357300D000AE /* HonestBabyTests.swift */,
				8452492A1AA1357300D000AE /* Supporting Files */,
			);
			path = HonestBabyTests;
			sourceTree = "<group>";
		};
		8452492A1AA1357300D000AE /* Supporting Files */ = {
			isa = PBXGroup;
			children = (
				8452492B1AA1357300D000AE /* Info.plist */,
			);
			name = "Supporting Files";
			sourceTree = "<group>";
		};
		845249361AA13B1100D000AE /* Extensions */ = {
			isa = PBXGroup;
			children = (
				845249371AA13C6E00D000AE /* UIColorExtensions.swift */,
				84DCDA5B1AAE63D600326F4A /* UIViewExtensions.swift */,
			);
			name = Extensions;
			sourceTree = "<group>";
		};
		845249391AA13E0C00D000AE /* Manager */ = {
			isa = PBXGroup;
			children = (
				8452493C1AA13E4E00D000AE /* AppearanceManager.swift */,
			);
			name = Manager;
			sourceTree = "<group>";
		};
		8452493E1AA1426B00D000AE /* ViewControllers */ = {
			isa = PBXGroup;
			children = (
				84245B931AAA1BE4004E37EB /* Networking */,
				8452493F1AA1427700D000AE /* Tracking */,
			);
			name = ViewControllers;
			sourceTree = "<group>";
		};
		8452493F1AA1427700D000AE /* Tracking */ = {
			isa = PBXGroup;
			children = (
				8477DCB71AA51149006B59EB /* TrackingTableViewController.swift */,
				8477DCB91AA511A0006B59EB /* ChildViewCell.swift */,
				8477DCBB1AA511CA006B59EB /* TrackingOverviewCell.swift */,
				8477DCBD1AA511FB006B59EB /* TrackingOptionsCell.swift */,
				8449ADC91AA634F900976C25 /* ChildViewCollectionViewCell.swift */,
				84245B911AA64CB6004E37EB /* OverlappinpCircularLayout.swift */,
				84245BB71AAE236A004E37EB /* SleepingOverviewController.swift */,
				84245BB91AAE4743004E37EB /* SleepOverviewCell.swift */,
				84DCDA561AAE4D8900326F4A /* ActivityDetailOverviewHeaderCell.swift */,
				84DCDA581AAE525900326F4A /* ActivityDetailOverviewHeaderCell.xib */,
			);
			name = Tracking;
			sourceTree = "<group>";
		};
/* End PBXGroup section */

/* Begin PBXNativeTarget section */
		8452490D1AA1357300D000AE /* HonestBaby */ = {
			isa = PBXNativeTarget;
			buildConfigurationList = 845249301AA1357300D000AE /* Build configuration list for PBXNativeTarget "HonestBaby" */;
			buildPhases = (
				06E4DD03B186976C995BCBB8 /* Check Pods Manifest.lock */,
				8452490A1AA1357300D000AE /* Sources */,
				8452490B1AA1357300D000AE /* Frameworks */,
				8452490C1AA1357300D000AE /* Resources */,
				84245BAC1AAA2AE9004E37EB /* Copy Frameworks */,
				88F63389F2DE033DF15A096D /* Copy Pods Resources */,
				86B38EF3D7785C7070C4ABE4 /* Embed Pods Frameworks */,
			);
			buildRules = (
			);
			dependencies = (
			);
			name = HonestBaby;
			productName = HonestBaby;
			productReference = 8452490E1AA1357300D000AE /* HonestBaby.app */;
			productType = "com.apple.product-type.application";
		};
		845249251AA1357300D000AE /* HonestBabyTests */ = {
			isa = PBXNativeTarget;
			buildConfigurationList = 845249331AA1357300D000AE /* Build configuration list for PBXNativeTarget "HonestBabyTests" */;
			buildPhases = (
				845249221AA1357300D000AE /* Sources */,
				845249231AA1357300D000AE /* Frameworks */,
				845249241AA1357300D000AE /* Resources */,
			);
			buildRules = (
			);
			dependencies = (
				845249281AA1357300D000AE /* PBXTargetDependency */,
			);
			name = HonestBabyTests;
			productName = HonestBabyTests;
			productReference = 845249261AA1357300D000AE /* HonestBabyTests.xctest */;
			productType = "com.apple.product-type.bundle.unit-test";
		};
/* End PBXNativeTarget section */

/* Begin PBXProject section */
		845249061AA1357300D000AE /* Project object */ = {
			isa = PBXProject;
			attributes = {
				LastUpgradeCheck = 0610;
				ORGANIZATIONNAME = "Aakash Sareen";
				TargetAttributes = {
					8452490D1AA1357300D000AE = {
						CreatedOnToolsVersion = 6.1.1;
					};
					845249251AA1357300D000AE = {
						CreatedOnToolsVersion = 6.1.1;
						TestTargetID = 8452490D1AA1357300D000AE;
					};
				};
			};
			buildConfigurationList = 845249091AA1357300D000AE /* Build configuration list for PBXProject "HonestBaby" */;
			compatibilityVersion = "Xcode 3.2";
			developmentRegion = English;
			hasScannedForEncodings = 0;
			knownRegions = (
				en,
				Base,
			);
			mainGroup = 845249051AA1357300D000AE;
			productRefGroup = 8452490F1AA1357300D000AE /* Products */;
			projectDirPath = "";
			projectRoot = "";
			targets = (
				8452490D1AA1357300D000AE /* HonestBaby */,
				845249251AA1357300D000AE /* HonestBabyTests */,
			);
		};
/* End PBXProject section */

/* Begin PBXResourcesBuildPhase section */
		8452490C1AA1357300D000AE /* Resources */ = {
			isa = PBXResourcesBuildPhase;
			buildActionMask = 2147483647;
			files = (
				8452491C1AA1357300D000AE /* Main.storyboard in Resources */,
				84DCDA591AAE525900326F4A /* ActivityDetailOverviewHeaderCell.xib in Resources */,
				845249211AA1357300D000AE /* LaunchScreen.xib in Resources */,
				8452491E1AA1357300D000AE /* Images.xcassets in Resources */,
			);
			runOnlyForDeploymentPostprocessing = 0;
		};
		845249241AA1357300D000AE /* Resources */ = {
			isa = PBXResourcesBuildPhase;
			buildActionMask = 2147483647;
			files = (
			);
			runOnlyForDeploymentPostprocessing = 0;
		};
/* End PBXResourcesBuildPhase section */

/* Begin PBXShellScriptBuildPhase section */
		06E4DD03B186976C995BCBB8 /* Check Pods Manifest.lock */ = {
			isa = PBXShellScriptBuildPhase;
			buildActionMask = 2147483647;
			files = (
			);
			inputPaths = (
			);
			name = "Check Pods Manifest.lock";
			outputPaths = (
			);
			runOnlyForDeploymentPostprocessing = 0;
			shellPath = /bin/sh;
			shellScript = "diff \"${PODS_ROOT}/../Podfile.lock\" \"${PODS_ROOT}/Manifest.lock\" > /dev/null\nif [[ $? != 0 ]] ; then\n    cat << EOM\nerror: The sandbox is not in sync with the Podfile.lock. Run 'pod install' or update your CocoaPods installation.\nEOM\n    exit 1\nfi\n";
			showEnvVarsInLog = 0;
		};
		86B38EF3D7785C7070C4ABE4 /* Embed Pods Frameworks */ = {
			isa = PBXShellScriptBuildPhase;
			buildActionMask = 2147483647;
			files = (
			);
			inputPaths = (
			);
			name = "Embed Pods Frameworks";
			outputPaths = (
			);
			runOnlyForDeploymentPostprocessing = 0;
			shellPath = /bin/sh;
			shellScript = "\"${SRCROOT}/Pods/Target Support Files/Pods/Pods-frameworks.sh\"\n";
			showEnvVarsInLog = 0;
		};
		88F63389F2DE033DF15A096D /* Copy Pods Resources */ = {
			isa = PBXShellScriptBuildPhase;
			buildActionMask = 2147483647;
			files = (
			);
			inputPaths = (
			);
			name = "Copy Pods Resources";
			outputPaths = (
			);
			runOnlyForDeploymentPostprocessing = 0;
			shellPath = /bin/sh;
			shellScript = "\"${SRCROOT}/Pods/Target Support Files/Pods/Pods-resources.sh\"\n";
			showEnvVarsInLog = 0;
		};
/* End PBXShellScriptBuildPhase section */

/* Begin PBXSourcesBuildPhase section */
		8452490A1AA1357300D000AE /* Sources */ = {
			isa = PBXSourcesBuildPhase;
			buildActionMask = 2147483647;
			files = (
				84245B921AA64CB6004E37EB /* OverlappinpCircularLayout.swift in Sources */,
				84245BB81AAE236A004E37EB /* SleepingOverviewController.swift in Sources */,
				8477DCB81AA51149006B59EB /* TrackingTableViewController.swift in Sources */,
				845249191AA1357300D000AE /* ViewController.swift in Sources */,
				84DCDA571AAE4D8900326F4A /* ActivityDetailOverviewHeaderCell.swift in Sources */,
				845249171AA1357300D000AE /* HonestBaby.xcdatamodeld in Sources */,
				84245B951AAA26C9004E37EB /* AlamoFireManager.swift in Sources */,
				84245BBA1AAE4743004E37EB /* SleepOverviewCell.swift in Sources */,
				845249141AA1357300D000AE /* AppDelegate.swift in Sources */,
				845249381AA13C6E00D000AE /* UIColorExtensions.swift in Sources */,
				84DCDA5C1AAE63D600326F4A /* UIViewExtensions.swift in Sources */,
				8452493D1AA13E4E00D000AE /* AppearanceManager.swift in Sources */,
				8449ADCA1AA634F900976C25 /* ChildViewCollectionViewCell.swift in Sources */,
				8477DCBC1AA511CA006B59EB /* TrackingOverviewCell.swift in Sources */,
				8477DCBE1AA511FB006B59EB /* TrackingOptionsCell.swift in Sources */,
				8477DCBA1AA511A0006B59EB /* ChildViewCell.swift in Sources */,
			);
			runOnlyForDeploymentPostprocessing = 0;
		};
		845249221AA1357300D000AE /* Sources */ = {
			isa = PBXSourcesBuildPhase;
			buildActionMask = 2147483647;
			files = (
				8452492D1AA1357300D000AE /* HonestBabyTests.swift in Sources */,
			);
			runOnlyForDeploymentPostprocessing = 0;
		};
/* End PBXSourcesBuildPhase section */

/* Begin PBXTargetDependency section */
		845249281AA1357300D000AE /* PBXTargetDependency */ = {
			isa = PBXTargetDependency;
			target = 8452490D1AA1357300D000AE /* HonestBaby */;
			targetProxy = 845249271AA1357300D000AE /* PBXContainerItemProxy */;
		};
/* End PBXTargetDependency section */

/* Begin PBXVariantGroup section */
		8452491A1AA1357300D000AE /* Main.storyboard */ = {
			isa = PBXVariantGroup;
			children = (
				8452491B1AA1357300D000AE /* Base */,
			);
			name = Main.storyboard;
			sourceTree = "<group>";
		};
		8452491F1AA1357300D000AE /* LaunchScreen.xib */ = {
			isa = PBXVariantGroup;
			children = (
				845249201AA1357300D000AE /* Base */,
			);
			name = LaunchScreen.xib;
			sourceTree = "<group>";
		};
/* End PBXVariantGroup section */

/* Begin XCBuildConfiguration section */
		8452492E1AA1357300D000AE /* Debug */ = {
			isa = XCBuildConfiguration;
			buildSettings = {
				ALWAYS_SEARCH_USER_PATHS = NO;
				CLANG_CXX_LANGUAGE_STANDARD = "gnu++0x";
				CLANG_CXX_LIBRARY = "libc++";
				CLANG_ENABLE_MODULES = YES;
				CLANG_ENABLE_OBJC_ARC = YES;
				CLANG_WARN_BOOL_CONVERSION = YES;
				CLANG_WARN_CONSTANT_CONVERSION = YES;
				CLANG_WARN_DIRECT_OBJC_ISA_USAGE = YES_ERROR;
				CLANG_WARN_EMPTY_BODY = YES;
				CLANG_WARN_ENUM_CONVERSION = YES;
				CLANG_WARN_INT_CONVERSION = YES;
				CLANG_WARN_OBJC_ROOT_CLASS = YES_ERROR;
				CLANG_WARN_UNREACHABLE_CODE = YES;
				CLANG_WARN__DUPLICATE_METHOD_MATCH = YES;
				"CODE_SIGN_IDENTITY[sdk=iphoneos*]" = "iPhone Developer";
				COPY_PHASE_STRIP = NO;
				ENABLE_STRICT_OBJC_MSGSEND = YES;
				GCC_C_LANGUAGE_STANDARD = gnu99;
				GCC_DYNAMIC_NO_PIC = NO;
				GCC_OPTIMIZATION_LEVEL = 0;
				GCC_PREPROCESSOR_DEFINITIONS = (
					"DEBUG=1",
					"$(inherited)",
				);
				GCC_SYMBOLS_PRIVATE_EXTERN = NO;
				GCC_WARN_64_TO_32_BIT_CONVERSION = YES;
				GCC_WARN_ABOUT_RETURN_TYPE = YES_ERROR;
				GCC_WARN_UNDECLARED_SELECTOR = YES;
				GCC_WARN_UNINITIALIZED_AUTOS = YES_AGGRESSIVE;
				GCC_WARN_UNUSED_FUNCTION = YES;
				GCC_WARN_UNUSED_VARIABLE = YES;
				IPHONEOS_DEPLOYMENT_TARGET = 8.1;
				MTL_ENABLE_DEBUG_INFO = YES;
				ONLY_ACTIVE_ARCH = YES;
				SDKROOT = iphoneos;
				SWIFT_OPTIMIZATION_LEVEL = "-Onone";
				TARGETED_DEVICE_FAMILY = "1,2";
			};
			name = Debug;
		};
		8452492F1AA1357300D000AE /* Release */ = {
			isa = XCBuildConfiguration;
			buildSettings = {
				ALWAYS_SEARCH_USER_PATHS = NO;
				CLANG_CXX_LANGUAGE_STANDARD = "gnu++0x";
				CLANG_CXX_LIBRARY = "libc++";
				CLANG_ENABLE_MODULES = YES;
				CLANG_ENABLE_OBJC_ARC = YES;
				CLANG_WARN_BOOL_CONVERSION = YES;
				CLANG_WARN_CONSTANT_CONVERSION = YES;
				CLANG_WARN_DIRECT_OBJC_ISA_USAGE = YES_ERROR;
				CLANG_WARN_EMPTY_BODY = YES;
				CLANG_WARN_ENUM_CONVERSION = YES;
				CLANG_WARN_INT_CONVERSION = YES;
				CLANG_WARN_OBJC_ROOT_CLASS = YES_ERROR;
				CLANG_WARN_UNREACHABLE_CODE = YES;
				CLANG_WARN__DUPLICATE_METHOD_MATCH = YES;
				"CODE_SIGN_IDENTITY[sdk=iphoneos*]" = "iPhone Developer";
				COPY_PHASE_STRIP = YES;
				ENABLE_NS_ASSERTIONS = NO;
				ENABLE_STRICT_OBJC_MSGSEND = YES;
				GCC_C_LANGUAGE_STANDARD = gnu99;
				GCC_WARN_64_TO_32_BIT_CONVERSION = YES;
				GCC_WARN_ABOUT_RETURN_TYPE = YES_ERROR;
				GCC_WARN_UNDECLARED_SELECTOR = YES;
				GCC_WARN_UNINITIALIZED_AUTOS = YES_AGGRESSIVE;
				GCC_WARN_UNUSED_FUNCTION = YES;
				GCC_WARN_UNUSED_VARIABLE = YES;
				IPHONEOS_DEPLOYMENT_TARGET = 8.1;
				MTL_ENABLE_DEBUG_INFO = NO;
				SDKROOT = iphoneos;
				TARGETED_DEVICE_FAMILY = "1,2";
				VALIDATE_PRODUCT = YES;
			};
			name = Release;
		};
		845249311AA1357300D000AE /* Debug */ = {
			isa = XCBuildConfiguration;
			baseConfigurationReference = 5A35FA5179F8DADE712BAB5E /* Pods.debug.xcconfig */;
			buildSettings = {
				ASSETCATALOG_COMPILER_APPICON_NAME = AppIcon;
				FRAMEWORK_SEARCH_PATHS = "$(inherited)";
				INFOPLIST_FILE = HonestBaby/Info.plist;
				IPHONEOS_DEPLOYMENT_TARGET = 8.0;
				LD_RUNPATH_SEARCH_PATHS = "$(inherited) @executable_path/Frameworks";
				PRODUCT_NAME = "$(TARGET_NAME)";
			};
			name = Debug;
		};
		845249321AA1357300D000AE /* Release */ = {
			isa = XCBuildConfiguration;
			baseConfigurationReference = 59EC6C9ED08E7D4CD6662405 /* Pods.release.xcconfig */;
			buildSettings = {
				ASSETCATALOG_COMPILER_APPICON_NAME = AppIcon;
				FRAMEWORK_SEARCH_PATHS = "$(inherited)";
				INFOPLIST_FILE = HonestBaby/Info.plist;
				IPHONEOS_DEPLOYMENT_TARGET = 8.0;
				LD_RUNPATH_SEARCH_PATHS = "$(inherited) @executable_path/Frameworks";
				PRODUCT_NAME = "$(TARGET_NAME)";
			};
			name = Release;
		};
		845249341AA1357300D000AE /* Debug */ = {
			isa = XCBuildConfiguration;
			buildSettings = {
				BUNDLE_LOADER = "$(TEST_HOST)";
				FRAMEWORK_SEARCH_PATHS = (
					"$(SDKROOT)/Developer/Library/Frameworks",
					"$(inherited)",
				);
				GCC_PREPROCESSOR_DEFINITIONS = (
					"DEBUG=1",
					"$(inherited)",
				);
				INFOPLIST_FILE = HonestBabyTests/Info.plist;
				LD_RUNPATH_SEARCH_PATHS = "$(inherited) @executable_path/Frameworks @loader_path/Frameworks";
				PRODUCT_NAME = "$(TARGET_NAME)";
				TEST_HOST = "$(BUILT_PRODUCTS_DIR)/HonestBaby.app/HonestBaby";
			};
			name = Debug;
		};
		845249351AA1357300D000AE /* Release */ = {
			isa = XCBuildConfiguration;
			buildSettings = {
				BUNDLE_LOADER = "$(TEST_HOST)";
				FRAMEWORK_SEARCH_PATHS = (
					"$(SDKROOT)/Developer/Library/Frameworks",
					"$(inherited)",
				);
				INFOPLIST_FILE = HonestBabyTests/Info.plist;
				LD_RUNPATH_SEARCH_PATHS = "$(inherited) @executable_path/Frameworks @loader_path/Frameworks";
				PRODUCT_NAME = "$(TARGET_NAME)";
				TEST_HOST = "$(BUILT_PRODUCTS_DIR)/HonestBaby.app/HonestBaby";
			};
			name = Release;
		};
/* End XCBuildConfiguration section */

/* Begin XCConfigurationList section */
		845249091AA1357300D000AE /* Build configuration list for PBXProject "HonestBaby" */ = {
			isa = XCConfigurationList;
			buildConfigurations = (
				8452492E1AA1357300D000AE /* Debug */,
				8452492F1AA1357300D000AE /* Release */,
			);
			defaultConfigurationIsVisible = 0;
			defaultConfigurationName = Release;
		};
		845249301AA1357300D000AE /* Build configuration list for PBXNativeTarget "HonestBaby" */ = {
			isa = XCConfigurationList;
			buildConfigurations = (
				845249311AA1357300D000AE /* Debug */,
				845249321AA1357300D000AE /* Release */,
			);
			defaultConfigurationIsVisible = 0;
			defaultConfigurationName = Release;
		};
		845249331AA1357300D000AE /* Build configuration list for PBXNativeTarget "HonestBabyTests" */ = {
			isa = XCConfigurationList;
			buildConfigurations = (
				845249341AA1357300D000AE /* Debug */,
				845249351AA1357300D000AE /* Release */,
			);
			defaultConfigurationIsVisible = 0;
			defaultConfigurationName = Release;
		};
/* End XCConfigurationList section */

/* Begin XCVersionGroup section */
		845249151AA1357300D000AE /* HonestBaby.xcdatamodeld */ = {
			isa = XCVersionGroup;
			children = (
				845249161AA1357300D000AE /* HonestBaby.xcdatamodel */,
			);
			currentVersion = 845249161AA1357300D000AE /* HonestBaby.xcdatamodel */;
			path = HonestBaby.xcdatamodeld;
			sourceTree = "<group>";
			versionGroupType = wrapper.xcdatamodel;
		};
/* End XCVersionGroup section */
	};
	rootObject = 845249061AA1357300D000AE /* Project object */;
}
